
Microsoft Visual Studio Solution File, Format Version 12.00
# Visual Studio Version 16
VisualStudioVersion = 16.0.29418.71
MinimumVisualStudioVersion = 10.0.40219.1
Project("{FAE04EC0-301F-11D3-BF4B-00C04F79EFBC}") = "Lab4.cs", "Lab4.cs\Lab4.cs.csproj", "{8A96A7F7-A896-4493-9D97-B48D1FA0CA98}"
EndProject
Project("{FAE04EC0-301F-11D3-BF4B-00C04F79EFBC}") = "temperature", "temperature\temperature.csproj", "{F6EFC539-FACB-4CDE-865B-5919C7FAC67A}"
EndProject
Global
	GlobalSection(SolutionConfigurationPlatforms) = preSolution
		Debug|Any CPU = Debug|Any CPU
		Release|Any CPU = Release|Any CPU
	EndGlobalSection
	GlobalSection(ProjectConfigurationPlatforms) = postSolution
		{8A96A7F7-A896-4493-9D97-B48D1FA0CA98}.Debug|Any CPU.ActiveCfg = Debug|Any CPU
		{8A96A7F7-A896-4493-9D97-B48D1FA0CA98}.Debug|Any CPU.Build.0 = Debug|Any CPU
		{8A96A7F7-A896-4493-9D97-B48D1FA0CA98}.Release|Any CPU.ActiveCfg = Release|Any CPU
		{8A96A7F7-A896-4493-9D97-B48D1FA0CA98}.Release|Any CPU.Build.0 = Release|Any CPU
		{F6EFC539-FACB-4CDE-865B-5919C7FAC67A}.Debug|Any CPU.ActiveCfg = Debug|Any CPU
		{F6EFC539-FACB-4CDE-865B-5919C7FAC67A}.Debug|Any CPU.Build.0 = Debug|Any CPU
		{F6EFC539-FACB-4CDE-865B-5919C7FAC67A}.Release|Any CPU.ActiveCfg = Release|Any CPU
		{F6EFC539-FACB-4CDE-865B-5919C7FAC67A}.Release|Any CPU.Build.0 = Release|Any CPU
	EndGlobalSection
	GlobalSection(SolutionProperties) = preSolution
		HideSolutionNode = FALSE
	EndGlobalSection
	GlobalSection(ExtensibilityGlobals) = postSolution
		SolutionGuid = {FC6EB06E-0619-457B-B823-695011EB990F}
	EndGlobalSection
EndGlobal
